
Microsoft Visual Studio Solution File, Format Version 12.00
# Visual Studio Version 17
VisualStudioVersion = 17.8.34511.84
MinimumVisualStudioVersion = 10.0.40219.1
Project("{FAE04EC0-301F-11D3-BF4B-00C04F79EFBC}") = "Polizia", "Polizia\Polizia.csproj", "{5F807414-9851-45EB-B977-46DE38635CDC}"
EndProject
Global
	GlobalSection(SolutionConfigurationPlatforms) = preSolution
		Debug|Any CPU = Debug|Any CPU
		Release|Any CPU = Release|Any CPU
	EndGlobalSection
	GlobalSection(ProjectConfigurationPlatforms) = postSolution
		{5F807414-9851-45EB-B977-46DE38635CDC}.Debug|Any CPU.ActiveCfg = Debug|Any CPU
		{5F807414-9851-45EB-B977-46DE38635CDC}.Debug|Any CPU.Build.0 = Debug|Any CPU
		{5F807414-9851-45EB-B977-46DE38635CDC}.Release|Any CPU.ActiveCfg = Release|Any CPU
		{5F807414-9851-45EB-B977-46DE38635CDC}.Release|Any CPU.Build.0 = Release|Any CPU
	EndGlobalSection
	GlobalSection(SolutionProperties) = preSolution
		HideSolutionNode = FALSE
	EndGlobalSection
	GlobalSection(ExtensibilityGlobals) = postSolution
		SolutionGuid = {89323989-7048-4DDA-9206-C4F33A201E0A}
	EndGlobalSection
EndGlobal
